# ADVERSARIAL FIXTURE (S3, `.copilot/wp/5.md`): a PEM-formatted private-key
# block pasted into `auth` instead of a reference name (D-4 violation).
# `guard::scan_for_secrets` refuses this before any byte touches disk
# (invariant #6). Structurally VALID per S1's validator (a non-empty `auth`
# string) — catching the CONTENT is S3's job, not S1's.
version: 1
layers:
  - id: personal-pablo
    role: personal
    product: claude
    rank: 10
    source:
      repo: git@github-personal:pablitoalejo/claude-copilot-private.git
    auth: |
      -----BEGIN OPENSSH PRIVATE KEY-----
      b3BlbnNzaC1rZXktdjEAAAAABG5vbmUAAAAEbm9uZQAAAAAAAAABAAAAMwAAAAtzc2gtZW
      QyNTUxOQAAACBWfDl0FakeKeyMaterialThatLooksConvincinglyRandom1234567
      -----END OPENSSH PRIVATE KEY-----
    activation: always
